# auto-generated by grc.converter

id: framers_gr_hdlc_framer_b
label: gr_hdlc_framer_b
category: framers

parameters:
-   id: dlci
    label: dlci
    dtype: int
    default: '0'

inputs:
-   domain: message
    id: in
    optional: true

outputs:
-   domain: stream
    dtype: byte

templates:
    imports: |-
        import framers
        import pmt
    make: framers.gr_hdlc_framer_b(${dlci})

file_format: 1
