# auto-generated by grc.converter

id: framers_gr_hdlc_framer_2_channel_b
label: HDLC Framer (2-Channels)
category: framers

parameters:
-   id: dlci_0
    label: Channel# User 0
    dtype: int
    default: '0'
-   id: dlci_1
    label: Channel# User 1
    dtype: int
    default: '1'

inputs:
-   domain: message
    id: in0
    optional: true
-   domain: message
    id: in1
    optional: true

outputs:
-   domain: stream
    dtype: byte

templates:
    imports: |-
        import framers
        import pmt
    make: framers.gr_hdlc_framer_2_channel_b(${dlci_0}, ${dlci_1})

file_format: 1
